// !$*UTF8*$!
{
	archiveVersion = 1;
	classes = {
	};
	objectVersion = 50;
	objects = {

/* Begin PBXBuildFile section */
		03AB0BB1259BC6670049F72A /* DashboardView.swift in Sources */ = {isa = PBXBuildFile; fileRef = 03AB0BB0259BC6670049F72A /* DashboardView.swift */; };
		03AB0BB6259BC69A0049F72A /* WalletView.swift in Sources */ = {isa = PBXBuildFile; fileRef = 03AB0BB5259BC69A0049F72A /* WalletView.swift */; };
		03AB0BBB259BC6D30049F72A /* TransferView.swift in Sources */ = {isa = PBXBuildFile; fileRef = 03AB0BBA259BC6D30049F72A /* TransferView.swift */; };
		03EB2B8625896F5D00DFEF38 /* StonksApp.swift in Sources */ = {isa = PBXBuildFile; fileRef = 03EB2B8525896F5D00DFEF38 /* StonksApp.swift */; };
		03EB2B8825896F5D00DFEF38 /* ContentView.swift in Sources */ = {isa = PBXBuildFile; fileRef = 03EB2B8725896F5D00DFEF38 /* ContentView.swift */; };
		03EB2B8A25896F5F00DFEF38 /* Assets.xcassets in Resources */ = {isa = PBXBuildFile; fileRef = 03EB2B8925896F5F00DFEF38 /* Assets.xcassets */; };
		03EB2B8D25896F5F00DFEF38 /* Preview Assets.xcassets in Resources */ = {isa = PBXBuildFile; fileRef = 03EB2B8C25896F5F00DFEF38 /* Preview Assets.xcassets */; };
		03EB2B9825896F5F00DFEF38 /* StonksTests.swift in Sources */ = {isa = PBXBuildFile; fileRef = 03EB2B9725896F5F00DFEF38 /* StonksTests.swift */; };
		03EB2BA325896F5F00DFEF38 /* StonksUITests.swift in Sources */ = {isa = PBXBuildFile; fileRef = 03EB2BA225896F5F00DFEF38 /* StonksUITests.swift */; };
/* End PBXBuildFile section */

/* Begin PBXContainerItemProxy section */
		03EB2B9425896F5F00DFEF38 /* PBXContainerItemProxy */ = {
			isa = PBXContainerItemProxy;
			containerPortal = 03EB2B7A25896F5D00DFEF38 /* Project object */;
			proxyType = 1;
			remoteGlobalIDString = 03EB2B8125896F5D00DFEF38;
			remoteInfo = Stonks;
		};
		03EB2B9F25896F5F00DFEF38 /* PBXContainerItemProxy */ = {
			isa = PBXContainerItemProxy;
			containerPortal = 03EB2B7A25896F5D00DFEF38 /* Project object */;
			proxyType = 1;
			remoteGlobalIDString = 03EB2B8125896F5D00DFEF38;
			remoteInfo = Stonks;
		};
/* End PBXContainerItemProxy section */

/* Begin PBXFileReference section */
		03AB0BB0259BC6670049F72A /* DashboardView.swift */ = {isa = PBXFileReference; lastKnownFileType = sourcecode.swift; path = DashboardView.swift; sourceTree = "<group>"; };
		03AB0BB5259BC69A0049F72A /* WalletView.swift */ = {isa = PBXFileReference; lastKnownFileType = sourcecode.swift; path = WalletView.swift; sourceTree = "<group>"; };
		03AB0BBA259BC6D30049F72A /* TransferView.swift */ = {isa = PBXFileReference; lastKnownFileType = sourcecode.swift; path = TransferView.swift; sourceTree = "<group>"; };
		03EB2B8225896F5D00DFEF38 /* Stonks.app */ = {isa = PBXFileReference; explicitFileType = wrapper.application; includeInIndex = 0; path = Stonks.app; sourceTree = BUILT_PRODUCTS_DIR; };
		03EB2B8525896F5D00DFEF38 /* StonksApp.swift */ = {isa = PBXFileReference; lastKnownFileType = sourcecode.swift; path = StonksApp.swift; sourceTree = "<group>"; };
		03EB2B8725896F5D00DFEF38 /* ContentView.swift */ = {isa = PBXFileReference; lastKnownFileType = sourcecode.swift; path = ContentView.swift; sourceTree = "<group>"; };
		03EB2B8925896F5F00DFEF38 /* Assets.xcassets */ = {isa = PBXFileReference; lastKnownFileType = folder.assetcatalog; path = Assets.xcassets; sourceTree = "<group>"; };
		03EB2B8C25896F5F00DFEF38 /* Preview Assets.xcassets */ = {isa = PBXFileReference; lastKnownFileType = folder.assetcatalog; path = "Preview Assets.xcassets"; sourceTree = "<group>"; };
		03EB2B8E25896F5F00DFEF38 /* Info.plist */ = {isa = PBXFileReference; lastKnownFileType = text.plist.xml; path = Info.plist; sourceTree = "<group>"; };
		03EB2B9325896F5F00DFEF38 /* StonksTests.xctest */ = {isa = PBXFileReference; explicitFileType = wrapper.cfbundle; includeInIndex = 0; path = StonksTests.xctest; sourceTree = BUILT_PRODUCTS_DIR; };
		03EB2B9725896F5F00DFEF38 /* StonksTests.swift */ = {isa = PBXFileReference; lastKnownFileType = sourcecode.swift; path = StonksTests.swift; sourceTree = "<group>"; };
		03EB2B9925896F5F00DFEF38 /* Info.plist */ = {isa = PBXFileReference; lastKnownFileType = text.plist.xml; path = Info.plist; sourceTree = "<group>"; };
		03EB2B9E25896F5F00DFEF38 /* StonksUITests.xctest */ = {isa = PBXFileReference; explicitFileType = wrapper.cfbundle; includeInIndex = 0; path = StonksUITests.xctest; sourceTree = BUILT_PRODUCTS_DIR; };
		03EB2BA225896F5F00DFEF38 /* StonksUITests.swift */ = {isa = PBXFileReference; lastKnownFileType = sourcecode.swift; path = StonksUITests.swift; sourceTree = "<group>"; };
		03EB2BA425896F5F00DFEF38 /* Info.plist */ = {isa = PBXFileReference; lastKnownFileType = text.plist.xml; path = Info.plist; sourceTree = "<group>"; };
/* End PBXFileReference section */

/* Begin PBXFrameworksBuildPhase section */
		03EB2B7F25896F5D00DFEF38 /* Frameworks */ = {
			isa = PBXFrameworksBuildPhase;
			buildActionMask = 2147483647;
			files = (
			);
			runOnlyForDeploymentPostprocessing = 0;
		};
		03EB2B9025896F5F00DFEF38 /* Frameworks */ = {
			isa = PBXFrameworksBuildPhase;
			buildActionMask = 2147483647;
			files = (
			);
			runOnlyForDeploymentPostprocessing = 0;
		};
		03EB2B9B25896F5F00DFEF38 /* Frameworks */ = {
			isa = PBXFrameworksBuildPhase;
			buildActionMask = 2147483647;
			files = (
			);
			runOnlyForDeploymentPostprocessing = 0;
		};
/* End PBXFrameworksBuildPhase section */

/* Begin PBXGroup section */
		03EB2B7925896F5D00DFEF38 = {
			isa = PBXGroup;
			children = (
				03EB2B8425896F5D00DFEF38 /* Stonks */,
				03EB2B9625896F5F00DFEF38 /* StonksTests */,
				03EB2BA125896F5F00DFEF38 /* StonksUITests */,
				03EB2B8325896F5D00DFEF38 /* Products */,
			);
			sourceTree = "<group>";
		};
		03EB2B8325896F5D00DFEF38 /* Products */ = {
			isa = PBXGroup;
			children = (
				03EB2B8225896F5D00DFEF38 /* Stonks.app */,
				03EB2B9325896F5F00DFEF38 /* StonksTests.xctest */,
				03EB2B9E25896F5F00DFEF38 /* StonksUITests.xctest */,
			);
			name = Products;
			sourceTree = "<group>";
		};
		03EB2B8425896F5D00DFEF38 /* Stonks */ = {
			isa = PBXGroup;
			children = (
				03EB2B8525896F5D00DFEF38 /* StonksApp.swift */,
				03EB2B8725896F5D00DFEF38 /* ContentView.swift */,
				03AB0BB0259BC6670049F72A /* DashboardView.swift */,
				03AB0BB5259BC69A0049F72A /* WalletView.swift */,
				03AB0BBA259BC6D30049F72A /* TransferView.swift */,
				03EB2B8925896F5F00DFEF38 /* Assets.xcassets */,
				03EB2B8E25896F5F00DFEF38 /* Info.plist */,
				03EB2B8B25896F5F00DFEF38 /* Preview Content */,
			);
			path = Stonks;
			sourceTree = "<group>";
		};
		03EB2B8B25896F5F00DFEF38 /* Preview Content */ = {
			isa = PBXGroup;
			children = (
				03EB2B8C25896F5F00DFEF38 /* Preview Assets.xcassets */,
			);
			path = "Preview Content";
			sourceTree = "<group>";
		};
		03EB2B9625896F5F00DFEF38 /* StonksTests */ = {
			isa = PBXGroup;
			children = (
				03EB2B9725896F5F00DFEF38 /* StonksTests.swift */,
				03EB2B9925896F5F00DFEF38 /* Info.plist */,
			);
			path = StonksTests;
			sourceTree = "<group>";
		};
		03EB2BA125896F5F00DFEF38 /* StonksUITests */ = {
			isa = PBXGroup;
			children = (
				03EB2BA225896F5F00DFEF38 /* StonksUITests.swift */,
				03EB2BA425896F5F00DFEF38 /* Info.plist */,
			);
			path = StonksUITests;
			sourceTree = "<group>";
		};
/* End PBXGroup section */

/* Begin PBXNativeTarget section */
		03EB2B8125896F5D00DFEF38 /* Stonks */ = {
			isa = PBXNativeTarget;
			buildConfigurationList = 03EB2BA725896F5F00DFEF38 /* Build configuration list for PBXNativeTarget "Stonks" */;
			buildPhases = (
				03EB2B7E25896F5D00DFEF38 /* Sources */,
				03EB2B7F25896F5D00DFEF38 /* Frameworks */,
				03EB2B8025896F5D00DFEF38 /* Resources */,
			);
			buildRules = (
			);
			dependencies = (
			);
			name = Stonks;
			productName = Stonks;
			productReference = 03EB2B8225896F5D00DFEF38 /* Stonks.app */;
			productType = "com.apple.product-type.application";
		};
		03EB2B9225896F5F00DFEF38 /* StonksTests */ = {
			isa = PBXNativeTarget;
			buildConfigurationList = 03EB2BAA25896F5F00DFEF38 /* Build configuration list for PBXNativeTarget "StonksTests" */;
			buildPhases = (
				03EB2B8F25896F5F00DFEF38 /* Sources */,
				03EB2B9025896F5F00DFEF38 /* Frameworks */,
				03EB2B9125896F5F00DFEF38 /* Resources */,
			);
			buildRules = (
			);
			dependencies = (
				03EB2B9525896F5F00DFEF38 /* PBXTargetDependency */,
			);
			name = StonksTests;
			productName = StonksTests;
			productReference = 03EB2B9325896F5F00DFEF38 /* StonksTests.xctest */;
			productType = "com.apple.product-type.bundle.unit-test";
		};
		03EB2B9D25896F5F00DFEF38 /* StonksUITests */ = {
			isa = PBXNativeTarget;
			buildConfigurationList = 03EB2BAD25896F5F00DFEF38 /* Build configuration list for PBXNativeTarget "StonksUITests" */;
			buildPhases = (
				03EB2B9A25896F5F00DFEF38 /* Sources */,
				03EB2B9B25896F5F00DFEF38 /* Frameworks */,
				03EB2B9C25896F5F00DFEF38 /* Resources */,
			);
			buildRules = (
			);
			dependencies = (
				03EB2BA025896F5F00DFEF38 /* PBXTargetDependency */,
			);
			name = StonksUITests;
			productName = StonksUITests;
			productReference = 03EB2B9E25896F5F00DFEF38 /* StonksUITests.xctest */;
			productType = "com.apple.product-type.bundle.ui-testing";
		};
/* End PBXNativeTarget section */

/* Begin PBXProject section */
		03EB2B7A25896F5D00DFEF38 /* Project object */ = {
			isa = PBXProject;
			attributes = {
				LastSwiftUpdateCheck = 1230;
				LastUpgradeCheck = 1230;
				TargetAttributes = {
					03EB2B8125896F5D00DFEF38 = {
						CreatedOnToolsVersion = 12.3;
					};
					03EB2B9225896F5F00DFEF38 = {
						CreatedOnToolsVersion = 12.3;
						TestTargetID = 03EB2B8125896F5D00DFEF38;
					};
					03EB2B9D25896F5F00DFEF38 = {
						CreatedOnToolsVersion = 12.3;
						TestTargetID = 03EB2B8125896F5D00DFEF38;
					};
				};
			};
			buildConfigurationList = 03EB2B7D25896F5D00DFEF38 /* Build configuration list for PBXProject "Stonks" */;
			compatibilityVersion = "Xcode 9.3";
			developmentRegion = en;
			hasScannedForEncodings = 0;
			knownRegions = (
				en,
				Base,
			);
			mainGroup = 03EB2B7925896F5D00DFEF38;
			productRefGroup = 03EB2B8325896F5D00DFEF38 /* Products */;
			projectDirPath = "";
			projectRoot = "";
			targets = (
				03EB2B8125896F5D00DFEF38 /* Stonks */,
				03EB2B9225896F5F00DFEF38 /* StonksTests */,
				03EB2B9D25896F5F00DFEF38 /* StonksUITests */,
			);
		};
/* End PBXProject section */

/* Begin PBXResourcesBuildPhase section */
		03EB2B8025896F5D00DFEF38 /* Resources */ = {
			isa = PBXResourcesBuildPhase;
			buildActionMask = 2147483647;
			files = (
				03EB2B8D25896F5F00DFEF38 /* Preview Assets.xcassets in Resources */,
				03EB2B8A25896F5F00DFEF38 /* Assets.xcassets in Resources */,
			);
			runOnlyForDeploymentPostprocessing = 0;
		};
		03EB2B9125896F5F00DFEF38 /* Resources */ = {
			isa = PBXResourcesBuildPhase;
			buildActionMask = 2147483647;
			files = (
			);
			runOnlyForDeploymentPostprocessing = 0;
		};
		03EB2B9C25896F5F00DFEF38 /* Resources */ = {
			isa = PBXResourcesBuildPhase;
			buildActionMask = 2147483647;
			files = (
			);
			runOnlyForDeploymentPostprocessing = 0;
		};
/* End PBXResourcesBuildPhase section */

/* Begin PBXSourcesBuildPhase section */
		03EB2B7E25896F5D00DFEF38 /* Sources */ = {
			isa = PBXSourcesBuildPhase;
			buildActionMask = 2147483647;
			files = (
				03EB2B8825896F5D00DFEF38 /* ContentView.swift in Sources */,
				03AB0BBB259BC6D30049F72A /* TransferView.swift in Sources */,
				03AB0BB1259BC6670049F72A /* DashboardView.swift in Sources */,
				03EB2B8625896F5D00DFEF38 /* StonksApp.swift in Sources */,
				03AB0BB6259BC69A0049F72A /* WalletView.swift in Sources */,
			);
			runOnlyForDeploymentPostprocessing = 0;
		};
		03EB2B8F25896F5F00DFEF38 /* Sources */ = {
			isa = PBXSourcesBuildPhase;
			buildActionMask = 2147483647;
			files = (
				03EB2B9825896F5F00DFEF38 /* StonksTests.swift in Sources */,
			);
			runOnlyForDeploymentPostprocessing = 0;
		};
		03EB2B9A25896F5F00DFEF38 /* Sources */ = {
			isa = PBXSourcesBuildPhase;
			buildActionMask = 2147483647;
			files = (
				03EB2BA325896F5F00DFEF38 /* StonksUITests.swift in Sources */,
			);
			runOnlyForDeploymentPostprocessing = 0;
		};
/* End PBXSourcesBuildPhase section */

/* Begin PBXTargetDependency section */
		03EB2B9525896F5F00DFEF38 /* PBXTargetDependency */ = {
			isa = PBXTargetDependency;
			target = 03EB2B8125896F5D00DFEF38 /* Stonks */;
			targetProxy = 03EB2B9425896F5F00DFEF38 /* PBXContainerItemProxy */;
		};
		03EB2BA025896F5F00DFEF38 /* PBXTargetDependency */ = {
			isa = PBXTargetDependency;
			target = 03EB2B8125896F5D00DFEF38 /* Stonks */;
			targetProxy = 03EB2B9F25896F5F00DFEF38 /* PBXContainerItemProxy */;
		};
/* End PBXTargetDependency section */

/* Begin XCBuildConfiguration section */
		03EB2BA525896F5F00DFEF38 /* Debug */ = {
			isa = XCBuildConfiguration;
			buildSettings = {
				ALWAYS_SEARCH_USER_PATHS = NO;
				CLANG_ANALYZER_NONNULL = YES;
				CLANG_ANALYZER_NUMBER_OBJECT_CONVERSION = YES_AGGRESSIVE;
				CLANG_CXX_LANGUAGE_STANDARD = "gnu++14";
				CLANG_CXX_LIBRARY = "libc++";
				CLANG_ENABLE_MODULES = YES;
				CLANG_ENABLE_OBJC_ARC = YES;
				CLANG_ENABLE_OBJC_WEAK = YES;
				CLANG_WARN_BLOCK_CAPTURE_AUTORELEASING = YES;
				CLANG_WARN_BOOL_CONVERSION = YES;
				CLANG_WARN_COMMA = YES;
				CLANG_WARN_CONSTANT_CONVERSION = YES;
				CLANG_WARN_DEPRECATED_OBJC_IMPLEMENTATIONS = YES;
				CLANG_WARN_DIRECT_OBJC_ISA_USAGE = YES_ERROR;
				CLANG_WARN_DOCUMENTATION_COMMENTS = YES;
				CLANG_WARN_EMPTY_BODY = YES;
				CLANG_WARN_ENUM_CONVERSION = YES;
				CLANG_WARN_INFINITE_RECURSION = YES;
				CLANG_WARN_INT_CONVERSION = YES;
				CLANG_WARN_NON_LITERAL_NULL_CONVERSION = YES;
				CLANG_WARN_OBJC_IMPLICIT_RETAIN_SELF = YES;
				CLANG_WARN_OBJC_LITERAL_CONVERSION = YES;
				CLANG_WARN_OBJC_ROOT_CLASS = YES_ERROR;
				CLANG_WARN_QUOTED_INCLUDE_IN_FRAMEWORK_HEADER = YES;
				CLANG_WARN_RANGE_LOOP_ANALYSIS = YES;
				CLANG_WARN_STRICT_PROTOTYPES = YES;
				CLANG_WARN_SUSPICIOUS_MOVE = YES;
				CLANG_WARN_UNGUARDED_AVAILABILITY = YES_AGGRESSIVE;
				CLANG_WARN_UNREACHABLE_CODE = YES;
				CLANG_WARN__DUPLICATE_METHOD_MATCH = YES;
				COPY_PHASE_STRIP = NO;
				DEBUG_INFORMATION_FORMAT = dwarf;
				ENABLE_STRICT_OBJC_MSGSEND = YES;
				ENABLE_TESTABILITY = YES;
				GCC_C_LANGUAGE_STANDARD = gnu11;
				GCC_DYNAMIC_NO_PIC = NO;
				GCC_NO_COMMON_BLOCKS = YES;
				GCC_OPTIMIZATION_LEVEL = 0;
				GCC_PREPROCESSOR_DEFINITIONS = (
					"DEBUG=1",
					"$(inherited)",
				);
				GCC_WARN_64_TO_32_BIT_CONVERSION = YES;
				GCC_WARN_ABOUT_RETURN_TYPE = YES_ERROR;
				GCC_WARN_UNDECLARED_SELECTOR = YES;
				GCC_WARN_UNINITIALIZED_AUTOS = YES_AGGRESSIVE;
				GCC_WARN_UNUSED_FUNCTION = YES;
				GCC_WARN_UNUSED_VARIABLE = YES;
				IPHONEOS_DEPLOYMENT_TARGET = 14.3;
				MTL_ENABLE_DEBUG_INFO = INCLUDE_SOURCE;
				MTL_FAST_MATH = YES;
				ONLY_ACTIVE_ARCH = YES;
				SDKROOT = iphoneos;
				SWIFT_ACTIVE_COMPILATION_CONDITIONS = DEBUG;
				SWIFT_OPTIMIZATION_LEVEL = "-Onone";
			};
			name = Debug;
		};
		03EB2BA625896F5F00DFEF38 /* Release */ = {
			isa = XCBuildConfiguration;
			buildSettings = {
				ALWAYS_SEARCH_USER_PATHS = NO;
				CLANG_ANALYZER_NONNULL = YES;
				CLANG_ANALYZER_NUMBER_OBJECT_CONVERSION = YES_AGGRESSIVE;
				CLANG_CXX_LANGUAGE_STANDARD = "gnu++14";
				CLANG_CXX_LIBRARY = "libc++";
				CLANG_ENABLE_MODULES = YES;
				CLANG_ENABLE_OBJC_ARC = YES;
				CLANG_ENABLE_OBJC_WEAK = YES;
				CLANG_WARN_BLOCK_CAPTURE_AUTORELEASING = YES;
				CLANG_WARN_BOOL_CONVERSION = YES;
				CLANG_WARN_COMMA = YES;
				CLANG_WARN_CONSTANT_CONVERSION = YES;
				CLANG_WARN_DEPRECATED_OBJC_IMPLEMENTATIONS = YES;
				CLANG_WARN_DIRECT_OBJC_ISA_USAGE = YES_ERROR;
				CLANG_WARN_DOCUMENTATION_COMMENTS = YES;
				CLANG_WARN_EMPTY_BODY = YES;
				CLANG_WARN_ENUM_CONVERSION = YES;
				CLANG_WARN_INFINITE_RECURSION = YES;
				CLANG_WARN_INT_CONVERSION = YES;
				CLANG_WARN_NON_LITERAL_NULL_CONVERSION = YES;
				CLANG_WARN_OBJC_IMPLICIT_RETAIN_SELF = YES;
				CLANG_WARN_OBJC_LITERAL_CONVERSION = YES;
				CLANG_WARN_OBJC_ROOT_CLASS = YES_ERROR;
				CLANG_WARN_QUOTED_INCLUDE_IN_FRAMEWORK_HEADER = YES;
				CLANG_WARN_RANGE_LOOP_ANALYSIS = YES;
				CLANG_WARN_STRICT_PROTOTYPES = YES;
				CLANG_WARN_SUSPICIOUS_MOVE = YES;
				CLANG_WARN_UNGUARDED_AVAILABILITY = YES_AGGRESSIVE;
				CLANG_WARN_UNREACHABLE_CODE = YES;
				CLANG_WARN__DUPLICATE_METHOD_MATCH = YES;
				COPY_PHASE_STRIP = NO;
				DEBUG_INFORMATION_FORMAT = "dwarf-with-dsym";
				ENABLE_NS_ASSERTIONS = NO;
				ENABLE_STRICT_OBJC_MSGSEND = YES;
				GCC_C_LANGUAGE_STANDARD = gnu11;
				GCC_NO_COMMON_BLOCKS = YES;
				GCC_WARN_64_TO_32_BIT_CONVERSION = YES;
				GCC_WARN_ABOUT_RETURN_TYPE = YES_ERROR;
				GCC_WARN_UNDECLARED_SELECTOR = YES;
				GCC_WARN_UNINITIALIZED_AUTOS = YES_AGGRESSIVE;
				GCC_WARN_UNUSED_FUNCTION = YES;
				GCC_WARN_UNUSED_VARIABLE = YES;
				IPHONEOS_DEPLOYMENT_TARGET = 14.3;
				MTL_ENABLE_DEBUG_INFO = NO;
				MTL_FAST_MATH = YES;
				SDKROOT = iphoneos;
				SWIFT_COMPILATION_MODE = wholemodule;
				SWIFT_OPTIMIZATION_LEVEL = "-O";
				VALIDATE_PRODUCT = YES;
			};
			name = Release;
		};
		03EB2BA825896F5F00DFEF38 /* Debug */ = {
			isa = XCBuildConfiguration;
			buildSettings = {
				ASSETCATALOG_COMPILER_APPICON_NAME = AppIcon;
				ASSETCATALOG_COMPILER_GLOBAL_ACCENT_COLOR_NAME = AccentColor;
				CODE_SIGN_STYLE = Automatic;
				DEVELOPMENT_ASSET_PATHS = "\"Stonks/Preview Content\"";
				DEVELOPMENT_TEAM = DK6SA424UK;
				ENABLE_PREVIEWS = YES;
				INFOPLIST_FILE = Stonks/Info.plist;
				IPHONEOS_DEPLOYMENT_TARGET = 14.0;
				LD_RUNPATH_SEARCH_PATHS = (
					"$(inherited)",
					"@executable_path/Frameworks",
				);
				PRODUCT_BUNDLE_IDENTIFIER = com.abeaudoin.Stonks;
				PRODUCT_NAME = "$(TARGET_NAME)";
				SWIFT_VERSION = 5.0;
				TARGETED_DEVICE_FAMILY = "1,2";
			};
			name = Debug;
		};
		03EB2BA925896F5F00DFEF38 /* Release */ = {
			isa = XCBuildConfiguration;
			buildSettings = {
				ASSETCATALOG_COMPILER_APPICON_NAME = AppIcon;
				ASSETCATALOG_COMPILER_GLOBAL_ACCENT_COLOR_NAME = AccentColor;
				CODE_SIGN_STYLE = Automatic;
				DEVELOPMENT_ASSET_PATHS = "\"Stonks/Preview Content\"";
				DEVELOPMENT_TEAM = DK6SA424UK;
				ENABLE_PREVIEWS = YES;
				INFOPLIST_FILE = Stonks/Info.plist;
				IPHONEOS_DEPLOYMENT_TARGET = 14.0;
				LD_RUNPATH_SEARCH_PATHS = (
					"$(inherited)",
					"@executable_path/Frameworks",
				);
				PRODUCT_BUNDLE_IDENTIFIER = com.abeaudoin.Stonks;
				PRODUCT_NAME = "$(TARGET_NAME)";
				SWIFT_VERSION = 5.0;
				TARGETED_DEVICE_FAMILY = "1,2";
			};
			name = Release;
		};
		03EB2BAB25896F5F00DFEF38 /* Debug */ = {
			isa = XCBuildConfiguration;
			buildSettings = {
				ALWAYS_EMBED_SWIFT_STANDARD_LIBRARIES = YES;
				BUNDLE_LOADER = "$(TEST_HOST)";
				CODE_SIGN_STYLE = Automatic;
				DEVELOPMENT_TEAM = DK6SA424UK;
				INFOPLIST_FILE = StonksTests/Info.plist;
				IPHONEOS_DEPLOYMENT_TARGET = 14.0;
				LD_RUNPATH_SEARCH_PATHS = (
					"$(inherited)",
					"@executable_path/Frameworks",
					"@loader_path/Frameworks",
				);
				PRODUCT_BUNDLE_IDENTIFIER = com.abeaudoin.StonksTests;
				PRODUCT_NAME = "$(TARGET_NAME)";
				SWIFT_VERSION = 5.0;
				TARGETED_DEVICE_FAMILY = "1,2";
				TEST_HOST = "$(BUILT_PRODUCTS_DIR)/Stonks.app/Stonks";
			};
			name = Debug;
		};
		03EB2BAC25896F5F00DFEF38 /* Release */ = {
			isa = XCBuildConfiguration;
			buildSettings = {
				ALWAYS_EMBED_SWIFT_STANDARD_LIBRARIES = YES;
				BUNDLE_LOADER = "$(TEST_HOST)";
				CODE_SIGN_STYLE = Automatic;
				DEVELOPMENT_TEAM = DK6SA424UK;
				INFOPLIST_FILE = StonksTests/Info.plist;
				IPHONEOS_DEPLOYMENT_TARGET = 14.0;
				LD_RUNPATH_SEARCH_PATHS = (
					"$(inherited)",
					"@executable_path/Frameworks",
					"@loader_path/Frameworks",
				);
				PRODUCT_BUNDLE_IDENTIFIER = com.abeaudoin.StonksTests;
				PRODUCT_NAME = "$(TARGET_NAME)";
				SWIFT_VERSION = 5.0;
				TARGETED_DEVICE_FAMILY = "1,2";
				TEST_HOST = "$(BUILT_PRODUCTS_DIR)/Stonks.app/Stonks";
			};
			name = Release;
		};
		03EB2BAE25896F5F00DFEF38 /* Debug */ = {
			isa = XCBuildConfiguration;
			buildSettings = {
				ALWAYS_EMBED_SWIFT_STANDARD_LIBRARIES = YES;
				CODE_SIGN_STYLE = Automatic;
				DEVELOPMENT_TEAM = DK6SA424UK;
				INFOPLIST_FILE = StonksUITests/Info.plist;
				LD_RUNPATH_SEARCH_PATHS = (
					"$(inherited)",
					"@executable_path/Frameworks",
					"@loader_path/Frameworks",
				);
				PRODUCT_BUNDLE_IDENTIFIER = com.abeaudoin.StonksUITests;
				PRODUCT_NAME = "$(TARGET_NAME)";
				SWIFT_VERSION = 5.0;
				TARGETED_DEVICE_FAMILY = "1,2";
				TEST_TARGET_NAME = Stonks;
			};
			name = Debug;
		};
		03EB2BAF25896F5F00DFEF38 /* Release */ = {
			isa = XCBuildConfiguration;
			buildSettings = {
				ALWAYS_EMBED_SWIFT_STANDARD_LIBRARIES = YES;
				CODE_SIGN_STYLE = Automatic;
				DEVELOPMENT_TEAM = DK6SA424UK;
				INFOPLIST_FILE = StonksUITests/Info.plist;
				LD_RUNPATH_SEARCH_PATHS = (
					"$(inherited)",
					"@executable_path/Frameworks",
					"@loader_path/Frameworks",
				);
				PRODUCT_BUNDLE_IDENTIFIER = com.abeaudoin.StonksUITests;
				PRODUCT_NAME = "$(TARGET_NAME)";
				SWIFT_VERSION = 5.0;
				TARGETED_DEVICE_FAMILY = "1,2";
				TEST_TARGET_NAME = Stonks;
			};
			name = Release;
		};
/* End XCBuildConfiguration section */

/* Begin XCConfigurationList section */
		03EB2B7D25896F5D00DFEF38 /* Build configuration list for PBXProject "Stonks" */ = {
			isa = XCConfigurationList;
			buildConfigurations = (
				03EB2BA525896F5F00DFEF38 /* Debug */,
				03EB2BA625896F5F00DFEF38 /* Release */,
			);
			defaultConfigurationIsVisible = 0;
			defaultConfigurationName = Release;
		};
		03EB2BA725896F5F00DFEF38 /* Build configuration list for PBXNativeTarget "Stonks" */ = {
			isa = XCConfigurationList;
			buildConfigurations = (
				03EB2BA825896F5F00DFEF38 /* Debug */,
				03EB2BA925896F5F00DFEF38 /* Release */,
			);
			defaultConfigurationIsVisible = 0;
			defaultConfigurationName = Release;
		};
		03EB2BAA25896F5F00DFEF38 /* Build configuration list for PBXNativeTarget "StonksTests" */ = {
			isa = XCConfigurationList;
			buildConfigurations = (
				03EB2BAB25896F5F00DFEF38 /* Debug */,
				03EB2BAC25896F5F00DFEF38 /* Release */,
			);
			defaultConfigurationIsVisible = 0;
			defaultConfigurationName = Release;
		};
		03EB2BAD25896F5F00DFEF38 /* Build configuration list for PBXNativeTarget "StonksUITests" */ = {
			isa = XCConfigurationList;
			buildConfigurations = (
				03EB2BAE25896F5F00DFEF38 /* Debug */,
				03EB2BAF25896F5F00DFEF38 /* Release */,
			);
			defaultConfigurationIsVisible = 0;
			defaultConfigurationName = Release;
		};
/* End XCConfigurationList section */
	};
	rootObject = 03EB2B7A25896F5D00DFEF38 /* Project object */;
}
